
Microsoft Visual Studio Solution File, Format Version 12.00
# Visual Studio Version 16
VisualStudioVersion = 16.0.31624.102
MinimumVisualStudioVersion = 10.0.40219.1
Project("{9A19103F-16F7-4668-BE54-9A1E7A4F7556}") = "EasyInsur", "EasyInsur\EasyInsur.csproj", "{1034E4F1-0E09-4ED5-ACA9-06E1EF9B54B9}"
EndProject
Project("{2150E333-8FDC-42A3-9474-1A3956D46DE8}") = "Solution Items", "Solution Items", "{EA3D299C-6042-4229-8A8C-DCBBB37DAD05}"
	ProjectSection(SolutionItems) = preProject
		.editorconfig = .editorconfig
	EndProjectSection
EndProject
Project("{FAE04EC0-301F-11D3-BF4B-00C04F79EFBC}") = "TestDataSeeder", "TestDataSeeder\TestDataSeeder.csproj", "{8B935B2D-369E-4B45-9B64-F6885C5790B1}"
EndProject
Global
	GlobalSection(SolutionConfigurationPlatforms) = preSolution
		Debug|Any CPU = Debug|Any CPU
		Debug|x64 = Debug|x64
		Debug|x86 = Debug|x86
		Release|Any CPU = Release|Any CPU
		Release|x64 = Release|x64
		Release|x86 = Release|x86
	EndGlobalSection
	GlobalSection(ProjectConfigurationPlatforms) = postSolution
		{1034E4F1-0E09-4ED5-ACA9-06E1EF9B54B9}.Debug|Any CPU.ActiveCfg = Debug|Any CPU
		{1034E4F1-0E09-4ED5-ACA9-06E1EF9B54B9}.Debug|Any CPU.Build.0 = Debug|Any CPU
		{1034E4F1-0E09-4ED5-ACA9-06E1EF9B54B9}.Debug|x64.ActiveCfg = Debug|Any CPU
		{1034E4F1-0E09-4ED5-ACA9-06E1EF9B54B9}.Debug|x64.Build.0 = Debug|Any CPU
		{1034E4F1-0E09-4ED5-ACA9-06E1EF9B54B9}.Debug|x86.ActiveCfg = Debug|Any CPU
		{1034E4F1-0E09-4ED5-ACA9-06E1EF9B54B9}.Debug|x86.Build.0 = Debug|Any CPU
		{1034E4F1-0E09-4ED5-ACA9-06E1EF9B54B9}.Release|Any CPU.ActiveCfg = Release|Any CPU
		{1034E4F1-0E09-4ED5-ACA9-06E1EF9B54B9}.Release|Any CPU.Build.0 = Release|Any CPU
		{1034E4F1-0E09-4ED5-ACA9-06E1EF9B54B9}.Release|x64.ActiveCfg = Release|Any CPU
		{1034E4F1-0E09-4ED5-ACA9-06E1EF9B54B9}.Release|x64.Build.0 = Release|Any CPU
		{1034E4F1-0E09-4ED5-ACA9-06E1EF9B54B9}.Release|x86.ActiveCfg = Release|Any CPU
		{1034E4F1-0E09-4ED5-ACA9-06E1EF9B54B9}.Release|x86.Build.0 = Release|Any CPU
		{8B935B2D-369E-4B45-9B64-F6885C5790B1}.Debug|Any CPU.ActiveCfg = Debug|Any CPU
		{8B935B2D-369E-4B45-9B64-F6885C5790B1}.Debug|Any CPU.Build.0 = Debug|Any CPU
		{8B935B2D-369E-4B45-9B64-F6885C5790B1}.Debug|x64.ActiveCfg = Debug|Any CPU
		{8B935B2D-369E-4B45-9B64-F6885C5790B1}.Debug|x64.Build.0 = Debug|Any CPU
		{8B935B2D-369E-4B45-9B64-F6885C5790B1}.Debug|x86.ActiveCfg = Debug|Any CPU
		{8B935B2D-369E-4B45-9B64-F6885C5790B1}.Debug|x86.Build.0 = Debug|Any CPU
		{8B935B2D-369E-4B45-9B64-F6885C5790B1}.Release|Any CPU.ActiveCfg = Release|Any CPU
		{8B935B2D-369E-4B45-9B64-F6885C5790B1}.Release|Any CPU.Build.0 = Release|Any CPU
		{8B935B2D-369E-4B45-9B64-F6885C5790B1}.Release|x64.ActiveCfg = Release|Any CPU
		{8B935B2D-369E-4B45-9B64-F6885C5790B1}.Release|x64.Build.0 = Release|Any CPU
		{8B935B2D-369E-4B45-9B64-F6885C5790B1}.Release|x86.ActiveCfg = Release|Any CPU
		{8B935B2D-369E-4B45-9B64-F6885C5790B1}.Release|x86.Build.0 = Release|Any CPU
	EndGlobalSection
	GlobalSection(SolutionProperties) = preSolution
		HideSolutionNode = FALSE
	EndGlobalSection
	GlobalSection(ExtensibilityGlobals) = postSolution
		SolutionGuid = {0785CCF0-01D5-4D9A-AF6A-47AE22A4753B}
	EndGlobalSection
EndGlobal
